// !$*UTF8*$!
{
	archiveVersion = 1;
	classes = {
	};
	objectVersion = 46;
	objects = {

/* Begin PBXBuildFile section */
		68E383541D4BB3A000A92EB9 /* AppDelegate.swift in Sources */ = {isa = PBXBuildFile; fileRef = 68E383531D4BB3A000A92EB9 /* AppDelegate.swift */; };
		68E3835B1D4BB3A000A92EB9 /* Assets.xcassets in Resources */ = {isa = PBXBuildFile; fileRef = 68E3835A1D4BB3A000A92EB9 /* Assets.xcassets */; };
		68E3835E1D4BB3A000A92EB9 /* LaunchScreen.storyboard in Resources */ = {isa = PBXBuildFile; fileRef = 68E3835C1D4BB3A000A92EB9 /* LaunchScreen.storyboard */; };
		68E383661D4BB42300A92EB9 /* MessagesViewController.swift in Sources */ = {isa = PBXBuildFile; fileRef = 68E383651D4BB42300A92EB9 /* MessagesViewController.swift */; };
		68E3836A1D4BB4D500A92EB9 /* MessagesViewController.storyboard in Resources */ = {isa = PBXBuildFile; fileRef = 68E383691D4BB4D500A92EB9 /* MessagesViewController.storyboard */; };
		68E3836E1D4BFF4800A92EB9 /* QuestionCell.xib in Resources */ = {isa = PBXBuildFile; fileRef = 68E3836D1D4BFF4800A92EB9 /* QuestionCell.xib */; };
		68E383701D4BFF8A00A92EB9 /* QuestionCell.swift in Sources */ = {isa = PBXBuildFile; fileRef = 68E3836F1D4BFF8A00A92EB9 /* QuestionCell.swift */; };
		68F2DFEC1D4CC2D500D5C7A7 /* CustomColors.swift in Sources */ = {isa = PBXBuildFile; fileRef = 68F2DFEB1D4CC2D500D5C7A7 /* CustomColors.swift */; };
/* End PBXBuildFile section */

/* Begin PBXFileReference section */
		68E383501D4BB3A000A92EB9 /* SwiftChatDemo.app */ = {isa = PBXFileReference; explicitFileType = wrapper.application; includeInIndex = 0; path = SwiftChatDemo.app; sourceTree = BUILT_PRODUCTS_DIR; };
		68E383531D4BB3A000A92EB9 /* AppDelegate.swift */ = {isa = PBXFileReference; lastKnownFileType = sourcecode.swift; path = AppDelegate.swift; sourceTree = "<group>"; };
		68E3835A1D4BB3A000A92EB9 /* Assets.xcassets */ = {isa = PBXFileReference; lastKnownFileType = folder.assetcatalog; path = Assets.xcassets; sourceTree = "<group>"; };
		68E3835D1D4BB3A000A92EB9 /* Base */ = {isa = PBXFileReference; lastKnownFileType = file.storyboard; name = Base; path = Base.lproj/LaunchScreen.storyboard; sourceTree = "<group>"; };
		68E3835F1D4BB3A000A92EB9 /* Info.plist */ = {isa = PBXFileReference; lastKnownFileType = text.plist.xml; path = Info.plist; sourceTree = "<group>"; };
		68E383651D4BB42300A92EB9 /* MessagesViewController.swift */ = {isa = PBXFileReference; fileEncoding = 4; lastKnownFileType = sourcecode.swift; name = MessagesViewController.swift; path = ViewControllers/MessagesViewController.swift; sourceTree = "<group>"; };
		68E383691D4BB4D500A92EB9 /* MessagesViewController.storyboard */ = {isa = PBXFileReference; fileEncoding = 4; lastKnownFileType = file.storyboard; name = MessagesViewController.storyboard; path = Views/MessagesViewController.storyboard; sourceTree = "<group>"; };
		68E3836D1D4BFF4800A92EB9 /* QuestionCell.xib */ = {isa = PBXFileReference; fileEncoding = 4; lastKnownFileType = file.xib; name = QuestionCell.xib; path = Views/QuestionCell.xib; sourceTree = "<group>"; };
		68E3836F1D4BFF8A00A92EB9 /* QuestionCell.swift */ = {isa = PBXFileReference; fileEncoding = 4; lastKnownFileType = sourcecode.swift; name = QuestionCell.swift; path = Views/QuestionCell.swift; sourceTree = "<group>"; };
		68F2DFEB1D4CC2D500D5C7A7 /* CustomColors.swift */ = {isa = PBXFileReference; fileEncoding = 4; lastKnownFileType = sourcecode.swift; name = CustomColors.swift; path = Helpers/CustomColors.swift; sourceTree = "<group>"; };
/* End PBXFileReference section */

/* Begin PBXFrameworksBuildPhase section */
		68E3834D1D4BB3A000A92EB9 /* Frameworks */ = {
			isa = PBXFrameworksBuildPhase;
			buildActionMask = 2147483647;
			files = (
			);
			runOnlyForDeploymentPostprocessing = 0;
		};
/* End PBXFrameworksBuildPhase section */

/* Begin PBXGroup section */
		68E383471D4BB3A000A92EB9 = {
			isa = PBXGroup;
			children = (
				68E383521D4BB3A000A92EB9 /* SwiftChatDemo */,
				68E383511D4BB3A000A92EB9 /* Products */,
			);
			sourceTree = "<group>";
		};
		68E383511D4BB3A000A92EB9 /* Products */ = {
			isa = PBXGroup;
			children = (
				68E383501D4BB3A000A92EB9 /* SwiftChatDemo.app */,
			);
			name = Products;
			sourceTree = "<group>";
		};
		68E383521D4BB3A000A92EB9 /* SwiftChatDemo */ = {
			isa = PBXGroup;
			children = (
				68E383531D4BB3A000A92EB9 /* AppDelegate.swift */,
				68E383681D4BB44700A92EB9 /* Views */,
				68E383671D4BB42A00A92EB9 /* ViewControllers */,
				68F2DFEA1D4CC29B00D5C7A7 /* Helpers */,
				68E3835A1D4BB3A000A92EB9 /* Assets.xcassets */,
				68E3835C1D4BB3A000A92EB9 /* LaunchScreen.storyboard */,
				68E3835F1D4BB3A000A92EB9 /* Info.plist */,
			);
			path = SwiftChatDemo;
			sourceTree = "<group>";
		};
		68E383671D4BB42A00A92EB9 /* ViewControllers */ = {
			isa = PBXGroup;
			children = (
				68E383651D4BB42300A92EB9 /* MessagesViewController.swift */,
			);
			name = ViewControllers;
			sourceTree = "<group>";
		};
		68E383681D4BB44700A92EB9 /* Views */ = {
			isa = PBXGroup;
			children = (
				68E383691D4BB4D500A92EB9 /* MessagesViewController.storyboard */,
				68E3836D1D4BFF4800A92EB9 /* QuestionCell.xib */,
				68E3836F1D4BFF8A00A92EB9 /* QuestionCell.swift */,
			);
			name = Views;
			sourceTree = "<group>";
		};
		68F2DFEA1D4CC29B00D5C7A7 /* Helpers */ = {
			isa = PBXGroup;
			children = (
				68F2DFEB1D4CC2D500D5C7A7 /* CustomColors.swift */,
			);
			name = Helpers;
			sourceTree = "<group>";
		};
/* End PBXGroup section */

/* Begin PBXNativeTarget section */
		68E3834F1D4BB3A000A92EB9 /* SwiftChatDemo */ = {
			isa = PBXNativeTarget;
			buildConfigurationList = 68E383621D4BB3A000A92EB9 /* Build configuration list for PBXNativeTarget "SwiftChatDemo" */;
			buildPhases = (
				68E3834C1D4BB3A000A92EB9 /* Sources */,
				68E3834D1D4BB3A000A92EB9 /* Frameworks */,
				68E3834E1D4BB3A000A92EB9 /* Resources */,
			);
			buildRules = (
			);
			dependencies = (
			);
			name = SwiftChatDemo;
			productName = SwiftChatDemo;
			productReference = 68E383501D4BB3A000A92EB9 /* SwiftChatDemo.app */;
			productType = "com.apple.product-type.application";
		};
/* End PBXNativeTarget section */

/* Begin PBXProject section */
		68E383481D4BB3A000A92EB9 /* Project object */ = {
			isa = PBXProject;
			attributes = {
				LastSwiftUpdateCheck = 0730;
				LastUpgradeCheck = 0730;
				ORGANIZATIONNAME = "Piotr Jamróz";
				TargetAttributes = {
					68E3834F1D4BB3A000A92EB9 = {
						CreatedOnToolsVersion = 7.3.1;
					};
				};
			};
			buildConfigurationList = 68E3834B1D4BB3A000A92EB9 /* Build configuration list for PBXProject "SwiftChatDemo" */;
			compatibilityVersion = "Xcode 3.2";
			developmentRegion = English;
			hasScannedForEncodings = 0;
			knownRegions = (
				en,
				Base,
			);
			mainGroup = 68E383471D4BB3A000A92EB9;
			productRefGroup = 68E383511D4BB3A000A92EB9 /* Products */;
			projectDirPath = "";
			projectRoot = "";
			targets = (
				68E3834F1D4BB3A000A92EB9 /* SwiftChatDemo */,
			);
		};
/* End PBXProject section */

/* Begin PBXResourcesBuildPhase section */
		68E3834E1D4BB3A000A92EB9 /* Resources */ = {
			isa = PBXResourcesBuildPhase;
			buildActionMask = 2147483647;
			files = (
				68E3836A1D4BB4D500A92EB9 /* MessagesViewController.storyboard in Resources */,
				68E3836E1D4BFF4800A92EB9 /* QuestionCell.xib in Resources */,
				68E3835E1D4BB3A000A92EB9 /* LaunchScreen.storyboard in Resources */,
				68E3835B1D4BB3A000A92EB9 /* Assets.xcassets in Resources */,
			);
			runOnlyForDeploymentPostprocessing = 0;
		};
/* End PBXResourcesBuildPhase section */

/* Begin PBXSourcesBuildPhase section */
		68E3834C1D4BB3A000A92EB9 /* Sources */ = {
			isa = PBXSourcesBuildPhase;
			buildActionMask = 2147483647;
			files = (
				68E383701D4BFF8A00A92EB9 /* QuestionCell.swift in Sources */,
				68E383661D4BB42300A92EB9 /* MessagesViewController.swift in Sources */,
				68F2DFEC1D4CC2D500D5C7A7 /* CustomColors.swift in Sources */,
				68E383541D4BB3A000A92EB9 /* AppDelegate.swift in Sources */,
			);
			runOnlyForDeploymentPostprocessing = 0;
		};
/* End PBXSourcesBuildPhase section */

/* Begin PBXVariantGroup section */
		68E3835C1D4BB3A000A92EB9 /* LaunchScreen.storyboard */ = {
			isa = PBXVariantGroup;
			children = (
				68E3835D1D4BB3A000A92EB9 /* Base */,
			);
			name = LaunchScreen.storyboard;
			sourceTree = "<group>";
		};
/* End PBXVariantGroup section */

/* Begin XCBuildConfiguration section */
		68E383601D4BB3A000A92EB9 /* Debug */ = {
			isa = XCBuildConfiguration;
			buildSettings = {
				ALWAYS_SEARCH_USER_PATHS = NO;
				CLANG_ANALYZER_NONNULL = YES;
				CLANG_CXX_LANGUAGE_STANDARD = "gnu++0x";
				CLANG_CXX_LIBRARY = "libc++";
				CLANG_ENABLE_MODULES = YES;
				CLANG_ENABLE_OBJC_ARC = YES;
				CLANG_WARN_BOOL_CONVERSION = YES;
				CLANG_WARN_CONSTANT_CONVERSION = YES;
				CLANG_WARN_DIRECT_OBJC_ISA_USAGE = YES_ERROR;
				CLANG_WARN_EMPTY_BODY = YES;
				CLANG_WARN_ENUM_CONVERSION = YES;
				CLANG_WARN_INT_CONVERSION = YES;
				CLANG_WARN_OBJC_ROOT_CLASS = YES_ERROR;
				CLANG_WARN_UNREACHABLE_CODE = YES;
				CLANG_WARN__DUPLICATE_METHOD_MATCH = YES;
				"CODE_SIGN_IDENTITY[sdk=iphoneos*]" = "iPhone Developer";
				COPY_PHASE_STRIP = NO;
				DEBUG_INFORMATION_FORMAT = dwarf;
				ENABLE_STRICT_OBJC_MSGSEND = YES;
				ENABLE_TESTABILITY = YES;
				GCC_C_LANGUAGE_STANDARD = gnu99;
				GCC_DYNAMIC_NO_PIC = NO;
				GCC_NO_COMMON_BLOCKS = YES;
				GCC_OPTIMIZATION_LEVEL = 0;
				GCC_PREPROCESSOR_DEFINITIONS = (
					"DEBUG=1",
					"$(inherited)",
				);
				GCC_WARN_64_TO_32_BIT_CONVERSION = YES;
				GCC_WARN_ABOUT_RETURN_TYPE = YES_ERROR;
				GCC_WARN_UNDECLARED_SELECTOR = YES;
				GCC_WARN_UNINITIALIZED_AUTOS = YES_AGGRESSIVE;
				GCC_WARN_UNUSED_FUNCTION = YES;
				GCC_WARN_UNUSED_VARIABLE = YES;
				IPHONEOS_DEPLOYMENT_TARGET = 9.3;
				MTL_ENABLE_DEBUG_INFO = YES;
				ONLY_ACTIVE_ARCH = YES;
				SDKROOT = iphoneos;
				SWIFT_OPTIMIZATION_LEVEL = "-Onone";
			};
			name = Debug;
		};
		68E383611D4BB3A000A92EB9 /* Release */ = {
			isa = XCBuildConfiguration;
			buildSettings = {
				ALWAYS_SEARCH_USER_PATHS = NO;
				CLANG_ANALYZER_NONNULL = YES;
				CLANG_CXX_LANGUAGE_STANDARD = "gnu++0x";
				CLANG_CXX_LIBRARY = "libc++";
				CLANG_ENABLE_MODULES = YES;
				CLANG_ENABLE_OBJC_ARC = YES;
				CLANG_WARN_BOOL_CONVERSION = YES;
				CLANG_WARN_CONSTANT_CONVERSION = YES;
				CLANG_WARN_DIRECT_OBJC_ISA_USAGE = YES_ERROR;
				CLANG_WARN_EMPTY_BODY = YES;
				CLANG_WARN_ENUM_CONVERSION = YES;
				CLANG_WARN_INT_CONVERSION = YES;
				CLANG_WARN_OBJC_ROOT_CLASS = YES_ERROR;
				CLANG_WARN_UNREACHABLE_CODE = YES;
				CLANG_WARN__DUPLICATE_METHOD_MATCH = YES;
				"CODE_SIGN_IDENTITY[sdk=iphoneos*]" = "iPhone Developer";
				COPY_PHASE_STRIP = NO;
				DEBUG_INFORMATION_FORMAT = "dwarf-with-dsym";
				ENABLE_NS_ASSERTIONS = NO;
				ENABLE_STRICT_OBJC_MSGSEND = YES;
				GCC_C_LANGUAGE_STANDARD = gnu99;
				GCC_NO_COMMON_BLOCKS = YES;
				GCC_WARN_64_TO_32_BIT_CONVERSION = YES;
				GCC_WARN_ABOUT_RETURN_TYPE = YES_ERROR;
				GCC_WARN_UNDECLARED_SELECTOR = YES;
				GCC_WARN_UNINITIALIZED_AUTOS = YES_AGGRESSIVE;
				GCC_WARN_UNUSED_FUNCTION = YES;
				GCC_WARN_UNUSED_VARIABLE = YES;
				IPHONEOS_DEPLOYMENT_TARGET = 9.3;
				MTL_ENABLE_DEBUG_INFO = NO;
				SDKROOT = iphoneos;
				VALIDATE_PRODUCT = YES;
			};
			name = Release;
		};
		68E383631D4BB3A000A92EB9 /* Debug */ = {
			isa = XCBuildConfiguration;
			buildSettings = {
				ASSETCATALOG_COMPILER_APPICON_NAME = AppIcon;
				INFOPLIST_FILE = SwiftChatDemo/Info.plist;
				LD_RUNPATH_SEARCH_PATHS = "$(inherited) @executable_path/Frameworks";
				PRODUCT_BUNDLE_IDENTIFIER = mobi.jamroz.SwiftChatDemo;
				PRODUCT_NAME = "$(TARGET_NAME)";
			};
			name = Debug;
		};
		68E383641D4BB3A000A92EB9 /* Release */ = {
			isa = XCBuildConfiguration;
			buildSettings = {
				ASSETCATALOG_COMPILER_APPICON_NAME = AppIcon;
				INFOPLIST_FILE = SwiftChatDemo/Info.plist;
				LD_RUNPATH_SEARCH_PATHS = "$(inherited) @executable_path/Frameworks";
				PRODUCT_BUNDLE_IDENTIFIER = mobi.jamroz.SwiftChatDemo;
				PRODUCT_NAME = "$(TARGET_NAME)";
			};
			name = Release;
		};
/* End XCBuildConfiguration section */

/* Begin XCConfigurationList section */
		68E3834B1D4BB3A000A92EB9 /* Build configuration list for PBXProject "SwiftChatDemo" */ = {
			isa = XCConfigurationList;
			buildConfigurations = (
				68E383601D4BB3A000A92EB9 /* Debug */,
				68E383611D4BB3A000A92EB9 /* Release */,
			);
			defaultConfigurationIsVisible = 0;
			defaultConfigurationName = Release;
		};
		68E383621D4BB3A000A92EB9 /* Build configuration list for PBXNativeTarget "SwiftChatDemo" */ = {
			isa = XCConfigurationList;
			buildConfigurations = (
				68E383631D4BB3A000A92EB9 /* Debug */,
				68E383641D4BB3A000A92EB9 /* Release */,
			);
			defaultConfigurationIsVisible = 0;
			defaultConfigurationName = Release;
		};
/* End XCConfigurationList section */
	};
	rootObject = 68E383481D4BB3A000A92EB9 /* Project object */;
}
